
Microsoft Visual Studio Solution File, Format Version 12.00
# Visual Studio Version 17
VisualStudioVersion = 17.4.33110.190
MinimumVisualStudioVersion = 10.0.40219.1
Project("{FAE04EC0-301F-11D3-BF4B-00C04F79EFBC}") = "CoreStreams.Tests", "CoreStreams.Tests\CoreStreams.Tests.csproj", "{49E3CA33-4A0C-4076-96F4-7FA1F4701003}"
EndProject
Global
	GlobalSection(SolutionConfigurationPlatforms) = preSolution
		Debug|Any CPU = Debug|Any CPU
		Release|Any CPU = Release|Any CPU
	EndGlobalSection
	GlobalSection(ProjectConfigurationPlatforms) = postSolution
		{49E3CA33-4A0C-4076-96F4-7FA1F4701003}.Debug|Any CPU.ActiveCfg = Debug|Any CPU
		{49E3CA33-4A0C-4076-96F4-7FA1F4701003}.Debug|Any CPU.Build.0 = Debug|Any CPU
		{49E3CA33-4A0C-4076-96F4-7FA1F4701003}.Release|Any CPU.ActiveCfg = Release|Any CPU
		{49E3CA33-4A0C-4076-96F4-7FA1F4701003}.Release|Any CPU.Build.0 = Release|Any CPU
	EndGlobalSection
	GlobalSection(SolutionProperties) = preSolution
		HideSolutionNode = FALSE
	EndGlobalSection
	GlobalSection(ExtensibilityGlobals) = postSolution
		SolutionGuid = {BB958376-7C0C-49D9-93E6-7255232BD740}
	EndGlobalSection
EndGlobal
